# Generated by 'devcapsule project init' from the embedded resolution matrix embedded-9.
# Commit this file: it pins the exact environment collaborators receive.
devcapsule-lock-format-version = 1
resolution-matrix-version = "embedded-9"
platform = "linux-amd64"
capabilities-digest = "b1cfdb3975cd37ff4e57d0128d34598bd20a2ec7e7521d4f83734af96a9422f8"

[base]
reference = "docker.io/mycodespaceai/devcapsule-base@sha256:ca9f79619fc0709a13e6a66de8959cda55dd47c23ec073fe0eb353de32734232"
build-mnemonic = "v0.2.9"

[components]
interactive-surface = "codium"

[components.codium]
version = "1.126.04524"
delivery-policy = "local-materialization"
license = "MIT"
url = "https://github.com/VSCodium/vscodium/releases/download/1.126.04524/VSCodium-linux-x64-1.126.04524.tar.gz"
sha256 = "adf3548df055d18e476cdee887488ba7486b879ad99a31a546c6b5c5ff296c24"

[components.antigravity-cli]
version = "1.1.24"
delivery-policy = "local-materialization"
acquisition-authorization = "antigravity-download"
license = "Proprietary"
terms-url = "https://antigravity.google/terms/"
distribution = "user-acquired-not-redistributed"

[components.antigravity-cli.artifacts]

[components.antigravity-cli.artifacts.linux-amd64]
url = "https://storage.googleapis.com/antigravity-public/antigravity-cli/1.1.24-6130423206641664/linux-x64/cli_linux_x64.tar.gz"
sha256 = "cff1fb7ed735da72c35658645a4f916cf74f020d4cd30ab95ebe8c2a49a4d569"
archive-member = "antigravity"
upstream-sha512 = "ed4df91ea7ced986aa14507a0ab8225d92985190f7d551010eba0c46c569587e602cb36af81c9cde7af0d6b380e8dd3a82131361806cd96012d44a3e47fb369a"

[components.claude-code]
version = "2.1.236"
delivery-policy = "local-materialization"
acquisition-authorization = "claude-code-download"
license = "Proprietary"
terms-url = "https://www.anthropic.com/legal/commercial-terms"
distribution = "user-acquired-not-redistributed"

[components.claude-code.artifacts]

[components.claude-code.artifacts.linux-amd64]
url = "https://downloads.claude.ai/claude-code-releases/2.1.236/linux-x64/claude"
sha256 = "6c8818fa22187aa555c242be4abbacc44d6b71a32ac9631ee7b2b5d12f51f752"

[components.codex]
version = "0.145.0"
delivery-policy = "local-materialization"
integration = "jetbrains-ai-assistant"
acp-version = "1.1.9"
license = "Apache-2.0"

[components.codex.artifacts]

[components.codex.artifacts.linux-amd64]
url = "https://registry.npmjs.org/@openai/codex/-/codex-0.145.0-linux-x64.tgz"
sha256 = "11239480f8e3efd1430f23bbe91c1a397856b8bbe6185ccbaee2382d25e03df2"
archive-member = "package/vendor/x86_64-unknown-linux-musl/bin/codex"

[materialization]
recipe = "vscode-local-materialization"
recipe-version = "2"
