# Generated by 'devcapsule project init' from the embedded resolution matrix embedded-18.
# Commit this file: it pins the exact environment collaborators receive.
devcapsule-lock-format-version = 1
resolution-matrix-version = "embedded-18"
platform = "linux-amd64"
capabilities-digest = "b1cfdb3975cd37ff4e57d0128d34598bd20a2ec7e7521d4f83734af96a9422f8"

[base]
reference = "docker.io/mycodespaceai/devcapsule-base@sha256:4bb691b556a2cb9acffa4c0adddd9ada66864ee3c81f4f00ca35e9df9056bf9c"
build-mnemonic = "v0.2.10"

[components]
interactive-surface = "codium"

[components.codium]
version = "1.126.04524"
delivery-policy = "local-materialization"
license = "MIT"
url = "https://github.com/VSCodium/vscodium/releases/download/1.126.04524/VSCodium-linux-x64-1.126.04524.tar.gz"
sha256 = "adf3548df055d18e476cdee887488ba7486b879ad99a31a546c6b5c5ff296c24"

[components.antigravity-cli]
version = "1.1.24"
delivery-policy = "local-materialization"
acquisition-authorization = "antigravity-download"
license = "Proprietary"
terms-url = "https://antigravity.google/terms/"
distribution = "user-acquired-not-redistributed"

[components.antigravity-cli.artifacts]

[components.antigravity-cli.artifacts.linux-amd64]
url = "https://storage.googleapis.com/antigravity-public/antigravity-cli/1.1.24-6130423206641664/linux-x64/cli_linux_x64.tar.gz"
sha256 = "cff1fb7ed735da72c35658645a4f916cf74f020d4cd30ab95ebe8c2a49a4d569"
archive-member = "antigravity"
upstream-sha512 = "ed4df91ea7ced986aa14507a0ab8225d92985190f7d551010eba0c46c569587e602cb36af81c9cde7af0d6b380e8dd3a82131361806cd96012d44a3e47fb369a"

[components.claude-code]
version = "2.1.261"
delivery-policy = "local-materialization"
acquisition-authorization = "claude-code-download"
license = "Proprietary"
terms-url = "https://www.anthropic.com/legal/commercial-terms"
distribution = "user-acquired-not-redistributed"

[components.claude-code.artifacts]

[components.claude-code.artifacts.linux-amd64]
url = "https://downloads.claude.ai/claude-code-releases/2.1.261/linux-x64/claude"
sha256 = "4ae40dd1784e85753e742e09f267d29ecbb82890361ad3817d27560866d364a6"

[components.codex]
version = "0.153.4"
delivery-policy = "local-materialization"
license = "Apache-2.0"
npm-package = "@openai/codex"
url = "https://registry.npmjs.org/@openai/codex/-/codex-0.153.4.tgz"
sha256 = "fd04263c1adfa1d285c6c0ad86a97cab508d3012ee9eab80a99f773cc4b2fb3a"

[components.codex.artifacts]

[components.codex.artifacts.linux-amd64]
npm-package = "@openai/codex-linux-x64"
url = "https://registry.npmjs.org/@openai/codex/-/codex-0.153.4-linux-x64.tgz"
sha256 = "54818cb9fce3360cc6e44cfc5a96952cd5c1243efb43cbe488e11dda84663e08"

[materialization]
recipe = "vscode-local-materialization"
recipe-version = "2"
